lockfileVersion: 5.4

importers:

  .:
    specifiers:
      '@grpc/grpc-js': 1.9.0
      '@nestjs/common': 10.1.3
      '@nestjs/core': 10.1.3
      '@nestjs/microservices': 10.1.3
      '@types/node': ^20.4.9
      google-protobuf: 3.21.2
      long: 5.2.3
      protobufjs: 7.2.4
      reflect-metadata: 0.1.13
      rxjs: 7.8.1
      ts-proto: 1.156.0
      typescript: 5.1.6
    dependencies:
      ts-proto: 1.156.0
    devDependencies:
      '@grpc/grpc-js': 1.9.0
      '@nestjs/common': 10.1.3_atc7tu2sld2m3nk4hmwkqn6qde
      '@nestjs/core': 10.1.3_b6fi3p4rixfnqg2de2xaqxnkvy
      '@nestjs/microservices': 10.1.3_gspqqjaa2f3wjpy7iv4ddflnlu
      '@types/node': 20.4.9
      google-protobuf: 3.21.2
      long: 5.2.3
      protobufjs: 7.2.4
      reflect-metadata: 0.1.13
      rxjs: 7.8.1
      typescript: 5.1.6

  plugin/stephenh/ts-proto:
    specifiers:
      '@nestjs/common': 8.1.2
      '@nestjs/core': 8.1.2
      '@nestjs/microservices': 8.1.2
      long: 5.2.3
      protobufjs: 7.2.4
      reflect-metadata: 0.1.13
      rxjs: 7.8.1
      ts-proto: 1.156.0
      typescript: 5.1.6
    dependencies:
      ts-proto: 1.156.0
    devDependencies:
      '@nestjs/common': 8.1.2_atc7tu2sld2m3nk4hmwkqn6qde
      '@nestjs/core': 8.1.2_oogtuxwpuaucduu6blwgxuki4m
      '@nestjs/microservices': 8.1.2_laosyzgyvvjhek6enbm47je5zi
      long: 5.2.3
      protobufjs: 7.2.4
      reflect-metadata: 0.1.13
      rxjs: 7.8.1
      typescript: 5.1.6

  rules/ts:
    specifiers:
      '@nestjs/common': 8.1.2
      '@nestjs/core': 8.1.2
      '@nestjs/microservices': 8.1.2
      long: 5.2.3
      protobufjs: 7.2.4
      reflect-metadata: 0.1.13
      rxjs: 7.8.1
      typescript: 5.1.6
    devDependencies:
      '@nestjs/common': 8.1.2_atc7tu2sld2m3nk4hmwkqn6qde
      '@nestjs/core': 8.1.2_oogtuxwpuaucduu6blwgxuki4m
      '@nestjs/microservices': 8.1.2_laosyzgyvvjhek6enbm47je5zi
      long: 5.2.3
      protobufjs: 7.2.4
      reflect-metadata: 0.1.13
      rxjs: 7.8.1
      typescript: 5.1.6

packages:

  /@grpc/grpc-js/1.9.0:
    resolution: {integrity: sha512-H8+iZh+kCE6VR/Krj6W28Y/ZlxoZ1fOzsNt77nrdE3knkbSelW1Uus192xOFCxHyeszLj8i4APQkSIXjAoOxXg==}
    engines: {node: ^8.13.0 || >=10.10.0}
    dependencies:
      '@grpc/proto-loader': 0.7.8
      '@types/node': 20.4.9
    dev: true

  /@grpc/proto-loader/0.7.8:
    resolution: {integrity: sha512-GU12e2c8dmdXb7XUlOgYWZ2o2i+z9/VeACkxTA/zzAe2IjclC5PnVL0lpgjhrqfpDYHzM8B1TF6pqWegMYAzlA==}
    engines: {node: '>=6'}
    hasBin: true
    dependencies:
      '@types/long': 4.0.2
      lodash.camelcase: 4.3.0
      long: 4.0.0
      protobufjs: 7.2.4
      yargs: 17.7.2
    dev: true

  /@lukeed/csprng/1.1.0:
    resolution: {integrity: sha512-Z7C/xXCiGWsg0KuKsHTKJxbWhpI3Vs5GwLfOean7MGyVFGqdRgBbAjOCh6u4bbjPc/8MJ2pZmK/0DLdCbivLDA==}
    engines: {node: '>=8'}
    dev: true

  /@nestjs/common/10.1.3_atc7tu2sld2m3nk4hmwkqn6qde:
    resolution: {integrity: sha512-xSyXBwgcmiFwQqek1Urw/AL3pRPq9bp/tpgfTxmnJg3gP6XNUbx1fDr0de50irXgZYzFKfVFo9ptC3b2du5YKA==}
    peerDependencies:
      class-transformer: '*'
      class-validator: '*'
      reflect-metadata: ^0.1.12
      rxjs: ^7.1.0
    peerDependenciesMeta:
      class-transformer:
        optional: true
      class-validator:
        optional: true
    dependencies:
      iterare: 1.2.1
      reflect-metadata: 0.1.13
      rxjs: 7.8.1
      tslib: 2.6.1
      uid: 2.0.2
    dev: true

  /@nestjs/common/8.1.2_atc7tu2sld2m3nk4hmwkqn6qde:
    resolution: {integrity: sha512-5k9iFRj0HkAe1gn6Ozx5UWzbRyT8xCgZ663FWsVc5Cf6BJ+OYhQC8Y5cuVx8gsbSnzc0AUpcknPP5rYh2TkLOQ==}
    peerDependencies:
      cache-manager: '*'
      class-transformer: '*'
      class-validator: '*'
      reflect-metadata: ^0.1.12
      rxjs: ^7.1.0
    peerDependenciesMeta:
      cache-manager:
        optional: true
      class-transformer:
        optional: true
      class-validator:
        optional: true
    dependencies:
      axios: 0.23.0
      iterare: 1.2.1
      reflect-metadata: 0.1.13
      rxjs: 7.8.1
      tslib: 2.3.1
      uuid: 8.3.2
    transitivePeerDependencies:
      - debug
    dev: true

  /@nestjs/core/10.1.3_b6fi3p4rixfnqg2de2xaqxnkvy:
    resolution: {integrity: sha512-VzK54TuacC3Vmq3b5xTyMVTlDNJeKbjpKfV9fNqm4TbIBm8ZPo3FC0osJAbAK4XwbVvv2Flq1yA3CutasupVjw==}
    requiresBuild: true
    peerDependencies:
      '@nestjs/common': ^10.0.0
      '@nestjs/microservices': ^10.0.0
      '@nestjs/platform-express': ^10.0.0
      '@nestjs/websockets': ^10.0.0
      reflect-metadata: ^0.1.12
      rxjs: ^7.1.0
    peerDependenciesMeta:
      '@nestjs/microservices':
        optional: true
      '@nestjs/platform-express':
        optional: true
      '@nestjs/websockets':
        optional: true
    dependencies:
      '@nestjs/common': 10.1.3_atc7tu2sld2m3nk4hmwkqn6qde
      '@nestjs/microservices': 10.1.3_gspqqjaa2f3wjpy7iv4ddflnlu
      '@nuxtjs/opencollective': 0.3.2
      fast-safe-stringify: 2.1.1
      iterare: 1.2.1
      path-to-regexp: 3.2.0
      reflect-metadata: 0.1.13
      rxjs: 7.8.1
      tslib: 2.6.1
      uid: 2.0.2
    transitivePeerDependencies:
      - encoding
    dev: true

  /@nestjs/core/8.1.2_oogtuxwpuaucduu6blwgxuki4m:
    resolution: {integrity: sha512-yjLueLD16JnPgNv0JZSFYPMxJ7MX6Z1v80f6XzoNLm5F6c83X0y9roXj0tEpiZhkhVq1Gol38uEbfgfr6fsafg==}
    requiresBuild: true
    peerDependencies:
      '@nestjs/common': ^8.0.0
      '@nestjs/microservices': ^8.0.0
      '@nestjs/platform-express': ^8.0.0
      '@nestjs/websockets': ^8.0.0
      reflect-metadata: ^0.1.12
      rxjs: ^7.1.0
    peerDependenciesMeta:
      '@nestjs/microservices':
        optional: true
      '@nestjs/platform-express':
        optional: true
      '@nestjs/websockets':
        optional: true
    dependencies:
      '@nestjs/common': 8.1.2_atc7tu2sld2m3nk4hmwkqn6qde
      '@nestjs/microservices': 8.1.2_laosyzgyvvjhek6enbm47je5zi
      '@nuxtjs/opencollective': 0.3.2
      fast-safe-stringify: 2.1.1
      iterare: 1.2.1
      object-hash: 2.2.0
      path-to-regexp: 3.2.0
      reflect-metadata: 0.1.13
      rxjs: 7.8.1
      tslib: 2.3.1
      uuid: 8.3.2
    transitivePeerDependencies:
      - encoding
    dev: true

  /@nestjs/microservices/10.1.3_gspqqjaa2f3wjpy7iv4ddflnlu:
    resolution: {integrity: sha512-IBKefw+DR6v2SaXjPJ8tRT+gQTJUSGN83gxuaA32uCQNW2rK+CyVapgX3fDeM/zJsLfBkdveSMX+R74w5wuk+Q==}
    peerDependencies:
      '@grpc/grpc-js': '*'
      '@nestjs/common': ^10.0.0
      '@nestjs/core': ^10.0.0
      '@nestjs/websockets': ^10.0.0
      amqp-connection-manager: '*'
      amqplib: '*'
      cache-manager: '*'
      ioredis: '*'
      kafkajs: '*'
      mqtt: '*'
      nats: '*'
      reflect-metadata: ^0.1.12
      rxjs: ^7.1.0
    peerDependenciesMeta:
      '@grpc/grpc-js':
        optional: true
      '@nestjs/websockets':
        optional: true
      amqp-connection-manager:
        optional: true
      amqplib:
        optional: true
      cache-manager:
        optional: true
      ioredis:
        optional: true
      kafkajs:
        optional: true
      mqtt:
        optional: true
      nats:
        optional: true
    dependencies:
      '@grpc/grpc-js': 1.9.0
      '@nestjs/common': 10.1.3_atc7tu2sld2m3nk4hmwkqn6qde
      '@nestjs/core': 10.1.3_b6fi3p4rixfnqg2de2xaqxnkvy
      iterare: 1.2.1
      reflect-metadata: 0.1.13
      rxjs: 7.8.1
      tslib: 2.6.1
    dev: true

  /@nestjs/microservices/8.1.2_laosyzgyvvjhek6enbm47je5zi:
    resolution: {integrity: sha512-7BnKIa3+w6a/1vJO5euE+RTP6ejwlpGRdoAQ64BTpReHxboFzX7C4Zb6cnM84x1AIl/xe8x+fDoUztxJn4LSiA==}
    peerDependencies:
      '@grpc/grpc-js': '*'
      '@nestjs/common': ^8.0.0
      '@nestjs/core': ^8.0.0
      '@nestjs/websockets': ^8.0.0
      amqp-connection-manager: '*'
      amqplib: '*'
      cache-manager: '*'
      kafkajs: '*'
      mqtt: '*'
      nats: '*'
      redis: '*'
      reflect-metadata: ^0.1.12
      rxjs: ^7.1.0
    peerDependenciesMeta:
      '@grpc/grpc-js':
        optional: true
      '@nestjs/websockets':
        optional: true
      amqp-connection-manager:
        optional: true
      amqplib:
        optional: true
      cache-manager:
        optional: true
      kafkajs:
        optional: true
      mqtt:
        optional: true
      nats:
        optional: true
      redis:
        optional: true
    dependencies:
      '@nestjs/common': 8.1.2_atc7tu2sld2m3nk4hmwkqn6qde
      '@nestjs/core': 8.1.2_oogtuxwpuaucduu6blwgxuki4m
      iterare: 1.2.1
      json-socket: 0.3.0
      reflect-metadata: 0.1.13
      rxjs: 7.8.1
      tslib: 2.3.1
    dev: true

  /@nuxtjs/opencollective/0.3.2:
    resolution: {integrity: sha512-um0xL3fO7Mf4fDxcqx9KryrB7zgRM5JSlvGN5AGkP6JLM5XEKyjeAiPbNxdXVXQ16isuAhYpvP88NgL2BGd6aA==}
    engines: {node: '>=8.0.0', npm: '>=5.0.0'}
    hasBin: true
    dependencies:
      chalk: 4.1.2
      consola: 2.15.3
      node-fetch: 2.6.12
    transitivePeerDependencies:
      - encoding
    dev: true

  /@protobufjs/aspromise/1.1.2:
    resolution: {integrity: sha512-j+gKExEuLmKwvz3OgROXtrJ2UG2x8Ch2YZUxahh+s1F2HZ+wAceUNLkvy6zKCPVRkU++ZWQrdxsUeQXmcg4uoQ==}

  /@protobufjs/base64/1.1.2:
    resolution: {integrity: sha512-AZkcAA5vnN/v4PDqKyMR5lx7hZttPDgClv83E//FMNhR2TMcLUhfRUBHCmSl0oi9zMgDDqRUJkSxO3wm85+XLg==}

  /@protobufjs/codegen/2.0.4:
    resolution: {integrity: sha512-YyFaikqM5sH0ziFZCN3xDC7zeGaB/d0IUb9CATugHWbd1FRFwWwt4ld4OYMPWu5a3Xe01mGAULCdqhMlPl29Jg==}

  /@protobufjs/eventemitter/1.1.0:
    resolution: {integrity: sha512-j9ednRT81vYJ9OfVuXG6ERSTdEL1xVsNgqpkxMsbIabzSo3goCjDIveeGv5d03om39ML71RdmrGNjG5SReBP/Q==}

  /@protobufjs/fetch/1.1.0:
    resolution: {integrity: sha512-lljVXpqXebpsijW71PZaCYeIcE5on1w5DlQy5WH6GLbFryLUrBD4932W/E2BSpfRJWseIL4v/KPgBFxDOIdKpQ==}
    dependencies:
      '@protobufjs/aspromise': 1.1.2
      '@protobufjs/inquire': 1.1.0

  /@protobufjs/float/1.0.2:
    resolution: {integrity: sha512-Ddb+kVXlXst9d+R9PfTIxh1EdNkgoRe5tOX6t01f1lYWOvJnSPDBlG241QLzcyPdoNTsblLUdujGSE4RzrTZGQ==}

  /@protobufjs/inquire/1.1.0:
    resolution: {integrity: sha512-kdSefcPdruJiFMVSbn801t4vFK7KB/5gd2fYvrxhuJYg8ILrmn9SKSX2tZdV6V+ksulWqS7aXjBcRXl3wHoD9Q==}

  /@protobufjs/path/1.1.2:
    resolution: {integrity: sha512-6JOcJ5Tm08dOHAbdR3GrvP+yUUfkjG5ePsHYczMFLq3ZmMkAD98cDgcT2iA1lJ9NVwFd4tH/iSSoe44YWkltEA==}

  /@protobufjs/pool/1.1.0:
    resolution: {integrity: sha512-0kELaGSIDBKvcgS4zkjz1PeddatrjYcmMWOlAuAPwAeccUrPHdUqo/J6LiymHHEiJT5NrF1UVwxY14f+fy4WQw==}

  /@protobufjs/utf8/1.1.0:
    resolution: {integrity: sha512-Vvn3zZrhQZkkBE8LSuW3em98c0FwgO4nxzv6OdSxPKJIEKY2bGbHn+mhGIPerzI4twdxaP8/0+06HBpwf345Lw==}

  /@types/long/4.0.2:
    resolution: {integrity: sha512-MqTGEo5bj5t157U6fA/BiDynNkn0YknVdh48CMPkTSpFTVmvao5UQmm7uEF6xBEo7qIMAlY/JSleYaE6VOdpaA==}
    dev: true

  /@types/node/20.4.9:
    resolution: {integrity: sha512-8e2HYcg7ohnTUbHk8focoklEQYvemQmu9M/f43DZVx43kHn0tE3BY/6gSDxS7k0SprtS0NHvj+L80cGLnoOUcQ==}

  /ansi-regex/5.0.1:
    resolution: {integrity: sha512-quJQXlTSUGL2LH9SUXo8VwsY4soanhgo6LNSm84E1LBcE8s3O0wpdiRzyR9z/ZZJMlMWv37qOOb9pdJlMUEKFQ==}
    engines: {node: '>=8'}
    dev: true

  /ansi-styles/4.3.0:
    resolution: {integrity: sha512-zbB9rCJAT1rbjiVDb2hqKFHNYLxgtk8NURxZ3IZwD3F6NtxbXZQCnnSi1Lkx+IDohdPlFp222wVALIheZJQSEg==}
    engines: {node: '>=8'}
    dependencies:
      color-convert: 2.0.1
    dev: true

  /axios/0.23.0:
    resolution: {integrity: sha512-NmvAE4i0YAv5cKq8zlDoPd1VLKAqX5oLuZKs8xkJa4qi6RGn0uhCYFjWtHHC9EM/MwOwYWOs53W+V0aqEXq1sg==}
    dependencies:
      follow-redirects: 1.15.2
    transitivePeerDependencies:
      - debug
    dev: true

  /case-anything/2.1.13:
    resolution: {integrity: sha512-zlOQ80VrQ2Ue+ymH5OuM/DlDq64mEm+B9UTdHULv5osUMD6HalNTblf2b1u/m6QecjsnOkBpqVZ+XPwIVsy7Ng==}
    engines: {node: '>=12.13'}
    dev: false

  /chalk/4.1.2:
    resolution: {integrity: sha512-oKnbhFyRIXpUuez8iBMmyEa4nbj4IOQyuhc/wy9kY7/WVPcwIO9VA668Pu8RkO7+0G76SLROeyw9CpQ061i4mA==}
    engines: {node: '>=10'}
    dependencies:
      ansi-styles: 4.3.0
      supports-color: 7.2.0
    dev: true

  /cliui/8.0.1:
    resolution: {integrity: sha512-BSeNnyus75C4//NQ9gQt1/csTXyo/8Sb+afLAkzAptFuMsod9HFokGNudZpi/oQV73hnVK+sR+5PVRMd+Dr7YQ==}
    engines: {node: '>=12'}
    dependencies:
      string-width: 4.2.3
      strip-ansi: 6.0.1
      wrap-ansi: 7.0.0
    dev: true

  /color-convert/2.0.1:
    resolution: {integrity: sha512-RRECPsj7iu/xb5oKYcsFHSppFNnsj/52OVTRKb4zP5onXwVF3zVmmToNcOfGC+CRDpfK/U584fMg38ZHCaElKQ==}
    engines: {node: '>=7.0.0'}
    dependencies:
      color-name: 1.1.4
    dev: true

  /color-name/1.1.4:
    resolution: {integrity: sha512-dOy+3AuW3a2wNbZHIuMZpTcgjGuLU/uBL/ubcZF9OXbDo8ff4O8yVp5Bf0efS8uEoYo5q4Fx7dY9OgQGXgAsQA==}
    dev: true

  /consola/2.15.3:
    resolution: {integrity: sha512-9vAdYbHj6x2fLKC4+oPH0kFzY/orMZyG2Aj+kNylHxKGJ/Ed4dpNyAQYwJOdqO4zdM7XpVHmyejQDcQHrnuXbw==}
    dev: true

  /detect-libc/1.0.3:
    resolution: {integrity: sha512-pGjwhsmsp4kL2RTz08wcOlGN83otlqHeD/Z5T8GXZB+/YcpQ/dgo+lbU8ZsGxV0HIvqqxo9l7mqYwyYMD9bKDg==}
    engines: {node: '>=0.10'}
    hasBin: true
    dev: false

  /dprint-node/1.0.7:
    resolution: {integrity: sha512-NTZOW9A7ipb0n7z7nC3wftvsbceircwVHSgzobJsEQa+7RnOMbhrfX5IflA6CtC4GA63DSAiHYXa4JKEy9F7cA==}
    dependencies:
      detect-libc: 1.0.3
    dev: false

  /emoji-regex/8.0.0:
    resolution: {integrity: sha512-MSjYzcWNOA0ewAHpz0MxpYFvwg6yjy1NG3xteoqz644VCo/RPgnr1/GGt+ic3iJTzQ8Eu3TdM14SawnVUmGE6A==}
    dev: true

  /escalade/3.1.1:
    resolution: {integrity: sha512-k0er2gUkLf8O0zKJiAhmkTnJlTvINGv7ygDNPbeIsX/TJjGJZHuh9B2UxbsaEkmlEo9MfhrSzmhIlhRlI2GXnw==}
    engines: {node: '>=6'}
    dev: true

  /fast-safe-stringify/2.1.1:
    resolution: {integrity: sha512-W+KJc2dmILlPplD/H4K9l9LcAHAfPtP6BY84uVLXQ6Evcz9Lcg33Y2z1IVblT6xdY54PXYVHEv+0Wpq8Io6zkA==}
    dev: true

  /follow-redirects/1.15.2:
    resolution: {integrity: sha512-VQLG33o04KaQ8uYi2tVNbdrWp1QWxNNea+nmIB4EVM28v0hmP17z7aG1+wAkNzVq4KeXTq3221ye5qTJP91JwA==}
    engines: {node: '>=4.0'}
    peerDependencies:
      debug: '*'
    peerDependenciesMeta:
      debug:
        optional: true
    dev: true

  /get-caller-file/2.0.5:
    resolution: {integrity: sha512-DyFP3BM/3YHTQOCUL/w0OZHR0lpKeGrxotcHWcqNEdnltqFwXVfhEBQ94eIo34AfQpo0rGki4cyIiftY06h2Fg==}
    engines: {node: 6.* || 8.* || >= 10.*}
    dev: true

  /google-protobuf/3.21.2:
    resolution: {integrity: sha512-3MSOYFO5U9mPGikIYCzK0SaThypfGgS6bHqrUGXG3DPHCrb+txNqeEcns1W0lkGfk0rCyNXm7xB9rMxnCiZOoA==}
    dev: true

  /has-flag/4.0.0:
    resolution: {integrity: sha512-EykJT/Q1KjTWctppgIAgfSO0tKVuZUjhgMr17kqTumMl6Afv3EISleU7qZUzoXDFTAHTDC4NOoG/ZxU3EvlMPQ==}
    engines: {node: '>=8'}
    dev: true

  /is-fullwidth-code-point/3.0.0:
    resolution: {integrity: sha512-zymm5+u+sCsSWyD9qNaejV3DFvhCKclKdizYaJUuHA83RLjb7nSuGnddCHGv0hk+KY7BMAlsWeK4Ueg6EV6XQg==}
    engines: {node: '>=8'}
    dev: true

  /iterare/1.2.1:
    resolution: {integrity: sha512-RKYVTCjAnRthyJes037NX/IiqeidgN1xc3j1RjFfECFp28A1GVwK9nA+i0rJPaHqSZwygLzRnFlzUuHFoWWy+Q==}
    engines: {node: '>=6'}
    dev: true

  /json-socket/0.3.0:
    resolution: {integrity: sha512-jc8ZbUnYIWdxERFWQKVgwSLkGSe+kyzvmYxwNaRgx/c8NNyuHes4UHnPM3LUrAFXUx1BhNJ94n1h/KCRlbvV0g==}
    dev: true

  /lodash.camelcase/4.3.0:
    resolution: {integrity: sha512-TwuEnCnxbc3rAvhf/LbG7tJUDzhqXyFnv3dtzLOPgCG/hODL7WFnsbwktkD7yUV0RrreP/l1PALq/YSg6VvjlA==}
    dev: true

  /long/4.0.0:
    resolution: {integrity: sha512-XsP+KhQif4bjX1kbuSiySJFNAehNxgLb6hPRGJ9QsUr8ajHkuXGdrHmFUTUUXhDwVX2R5bY4JNZEwbUiMhV+MA==}
    dev: true

  /long/5.2.3:
    resolution: {integrity: sha512-lcHwpNoggQTObv5apGNCTdJrO69eHOZMi4BNC+rTLER8iHAqGrUVeLh/irVIM7zTw2bOXA8T6uNPeujwOLg/2Q==}

  /node-fetch/2.6.12:
    resolution: {integrity: sha512-C/fGU2E8ToujUivIO0H+tpQ6HWo4eEmchoPIoXtxCrVghxdKq+QOHqEZW7tuP3KlV3bC8FRMO5nMCC7Zm1VP6g==}
    engines: {node: 4.x || >=6.0.0}
    peerDependencies:
      encoding: ^0.1.0
    peerDependenciesMeta:
      encoding:
        optional: true
    dependencies:
      whatwg-url: 5.0.0
    dev: true

  /object-hash/2.2.0:
    resolution: {integrity: sha512-gScRMn0bS5fH+IuwyIFgnh9zBdo4DV+6GhygmWM9HyNJSgS0hScp1f5vjtm7oIIOiT9trXrShAkLFSc2IqKNgw==}
    engines: {node: '>= 6'}
    dev: true

  /path-to-regexp/3.2.0:
    resolution: {integrity: sha512-jczvQbCUS7XmS7o+y1aEO9OBVFeZBQ1MDSEqmO7xSoPgOPoowY/SxLpZ6Vh97/8qHZOteiCKb7gkG9gA2ZUxJA==}
    dev: true

  /protobufjs/7.2.4:
    resolution: {integrity: sha512-AT+RJgD2sH8phPmCf7OUZR8xGdcJRga4+1cOaXJ64hvcSkVhNcRHOwIxUatPH15+nj59WAGTDv3LSGZPEQbJaQ==}
    engines: {node: '>=12.0.0'}
    requiresBuild: true
    dependencies:
      '@protobufjs/aspromise': 1.1.2
      '@protobufjs/base64': 1.1.2
      '@protobufjs/codegen': 2.0.4
      '@protobufjs/eventemitter': 1.1.0
      '@protobufjs/fetch': 1.1.0
      '@protobufjs/float': 1.0.2
      '@protobufjs/inquire': 1.1.0
      '@protobufjs/path': 1.1.2
      '@protobufjs/pool': 1.1.0
      '@protobufjs/utf8': 1.1.0
      '@types/node': 20.4.9
      long: 5.2.3

  /reflect-metadata/0.1.13:
    resolution: {integrity: sha512-Ts1Y/anZELhSsjMcU605fU9RE4Oi3p5ORujwbIKXfWa+0Zxs510Qrmrce5/Jowq3cHSZSJqBjypxmHarc+vEWg==}
    dev: true

  /require-directory/2.1.1:
    resolution: {integrity: sha512-fGxEI7+wsG9xrvdjsrlmL22OMTTiHRwAMroiEeMgq8gzoLC/PQr7RsRDSTLUg/bZAZtF+TVIkHc6/4RIKrui+Q==}
    engines: {node: '>=0.10.0'}
    dev: true

  /rxjs/7.8.1:
    resolution: {integrity: sha512-AA3TVj+0A2iuIoQkWEK/tqFjBq2j+6PO6Y0zJcvzLAFhEFIO3HL0vls9hWLncZbAAbK0mar7oZ4V079I/qPMxg==}
    dependencies:
      tslib: 2.6.1
    dev: true

  /string-width/4.2.3:
    resolution: {integrity: sha512-wKyQRQpjJ0sIp62ErSZdGsjMJWsap5oRNihHhu6G7JVO/9jIB6UyevL+tXuOqrng8j/cxKTWyWUwvSTriiZz/g==}
    engines: {node: '>=8'}
    dependencies:
      emoji-regex: 8.0.0
      is-fullwidth-code-point: 3.0.0
      strip-ansi: 6.0.1
    dev: true

  /strip-ansi/6.0.1:
    resolution: {integrity: sha512-Y38VPSHcqkFrCpFnQ9vuSXmquuv5oXOKpGeT6aGrr3o3Gc9AlVa6JBfUSOCnbxGGZF+/0ooI7KrPuUSztUdU5A==}
    engines: {node: '>=8'}
    dependencies:
      ansi-regex: 5.0.1
    dev: true

  /supports-color/7.2.0:
    resolution: {integrity: sha512-qpCAvRl9stuOHveKsn7HncJRvv501qIacKzQlO/+Lwxc9+0q2wLyv4Dfvt80/DPn2pqOBsJdDiogXGR9+OvwRw==}
    engines: {node: '>=8'}
    dependencies:
      has-flag: 4.0.0
    dev: true

  /tr46/0.0.3:
    resolution: {integrity: sha512-N3WMsuqV66lT30CrXNbEjx4GEwlow3v6rr4mCcv6prnfwhS01rkgyFdjPNBYd9br7LpXV1+Emh01fHnq2Gdgrw==}
    dev: true

  /ts-poet/6.5.0:
    resolution: {integrity: sha512-44jURLT1HG6+NsDcadM826V6Ekux+wk07Go+MX5Gfx+8zcPKfUiFEtnjL9imuRVGSCRtloRLqw4bDGZVJYGZMQ==}
    dependencies:
      dprint-node: 1.0.7
    dev: false

  /ts-proto-descriptors/1.14.0:
    resolution: {integrity: sha512-xqLA6cBTfof+mZ/sIw/pZviyhnWWcWqRBjyjaMW5O4fIogpawT4aa0wI8rKh0rYIrQzoHxLugmFu4+rdiWaGEQ==}
    dependencies:
      long: 5.2.3
      protobufjs: 7.2.4
    dev: false

  /ts-proto/1.156.0:
    resolution: {integrity: sha512-GnOxEAD1mRkiqV9VLv48GrNdps8gXp+vE9rWToCPyIxCIjVjkH3ls8iXxRXOS9LSwueJT8F+N9w7Xy3zftUecA==}
    hasBin: true
    dependencies:
      case-anything: 2.1.13
      protobufjs: 7.2.4
      ts-poet: 6.5.0
      ts-proto-descriptors: 1.14.0
    dev: false

  /tslib/2.3.1:
    resolution: {integrity: sha512-77EbyPPpMz+FRFRuAFlWMtmgUWGe9UOG2Z25NqCwiIjRhOf5iKGuzSe5P2w1laq+FkRy4p+PCuVkJSGkzTEKVw==}
    dev: true

  /tslib/2.6.1:
    resolution: {integrity: sha512-t0hLfiEKfMUoqhG+U1oid7Pva4bbDPHYfJNiB7BiIjRkj1pyC++4N3huJfqY6aRH6VTB0rvtzQwjM4K6qpfOig==}
    dev: true

  /typescript/5.1.6:
    resolution: {integrity: sha512-zaWCozRZ6DLEWAWFrVDz1H6FVXzUSfTy5FUMWsQlU8Ym5JP9eO4xkTIROFCQvhQf61z6O/G6ugw3SgAnvvm+HA==}
    engines: {node: '>=14.17'}
    hasBin: true
    dev: true

  /uid/2.0.2:
    resolution: {integrity: sha512-u3xV3X7uzvi5b1MncmZo3i2Aw222Zk1keqLA1YkHldREkAhAqi65wuPfe7lHx8H/Wzy+8CE7S7uS3jekIM5s8g==}
    engines: {node: '>=8'}
    dependencies:
      '@lukeed/csprng': 1.1.0
    dev: true

  /uuid/8.3.2:
    resolution: {integrity: sha512-+NYs2QeMWy+GWFOEm9xnn6HCDp0l7QBD7ml8zLUmJ+93Q5NF0NocErnwkTkXVFNiX3/fpC6afS8Dhb/gz7R7eg==}
    hasBin: true
    dev: true

  /webidl-conversions/3.0.1:
    resolution: {integrity: sha512-2JAn3z8AR6rjK8Sm8orRC0h/bcl/DqL7tRPdGZ4I1CjdF+EaMLmYxBHyXuKL849eucPFhvBoxMsflfOb8kxaeQ==}
    dev: true

  /whatwg-url/5.0.0:
    resolution: {integrity: sha512-saE57nupxk6v3HY35+jzBwYa0rKSy0XR8JSxZPwgLr7ys0IBzhGviA1/TUGJLmSVqs8pb9AnvICXEuOHLprYTw==}
    dependencies:
      tr46: 0.0.3
      webidl-conversions: 3.0.1
    dev: true

  /wrap-ansi/7.0.0:
    resolution: {integrity: sha512-YVGIj2kamLSTxw6NsZjoBxfSwsn0ycdesmc4p+Q21c5zPuZ1pl+NfxVdxPtdHvmNVOQ6XSYG4AUtyt/Fi7D16Q==}
    engines: {node: '>=10'}
    dependencies:
      ansi-styles: 4.3.0
      string-width: 4.2.3
      strip-ansi: 6.0.1
    dev: true

  /y18n/5.0.8:
    resolution: {integrity: sha512-0pfFzegeDWJHJIAmTLRP2DwHjdF5s7jo9tuztdQxAhINCdvS+3nGINqPd00AphqJR/0LhANUS6/+7SCb98YOfA==}
    engines: {node: '>=10'}
    dev: true

  /yargs-parser/21.1.1:
    resolution: {integrity: sha512-tVpsJW7DdjecAiFpbIB1e3qxIQsE6NoPc5/eTdrbbIC4h0LVsWhnoa3g+m2HclBIujHzsxZ4VJVA+GUuc2/LBw==}
    engines: {node: '>=12'}
    dev: true

  /yargs/17.7.2:
    resolution: {integrity: sha512-7dSzzRQ++CKnNI/krKnYRV7JKKPUXMEh61soaHKg9mrWEhzFWhFnxPxGl+69cD1Ou63C13NUPCnmIcrvqCuM6w==}
    engines: {node: '>=12'}
    dependencies:
      cliui: 8.0.1
      escalade: 3.1.1
      get-caller-file: 2.0.5
      require-directory: 2.1.1
      string-width: 4.2.3
      y18n: 5.0.8
      yargs-parser: 21.1.1
    dev: true
