# THIS IS AN AUTOGENERATED FILE. DO NOT EDIT THIS FILE DIRECTLY.
# yarn lockfile v1


google-protobuf@3.14.0:
  version "3.14.0"
  resolved "https://registry.yarnpkg.com/google-protobuf/-/google-protobuf-3.14.0.tgz#20373d22046e63831a5110e11a84f713cc43651e"
  integrity sha512-bwa8dBuMpOxg7COyqkW6muQuvNnWgVN8TX/epDRGW5m0jcrmq2QJyCyiV8ZE2/6LaIIqJtiv9bYokFhfpy/o6w==
